
Microsoft Visual Studio Solution File, Format Version 12.00
# Visual Studio Version 17
VisualStudioVersion = 17.11.35327.3
MinimumVisualStudioVersion = 10.0.40219.1
Project("{FAE04EC0-301F-11D3-BF4B-00C04F79EFBC}") = "WFNovo", "WFNovo\WFNovo.csproj", "{DC545DF1-2C7F-4108-B7DA-063E18CA8351}"
EndProject
Global
	GlobalSection(SolutionConfigurationPlatforms) = preSolution
		Debug|Any CPU = Debug|Any CPU
		Release|Any CPU = Release|Any CPU
	EndGlobalSection
	GlobalSection(ProjectConfigurationPlatforms) = postSolution
		{DC545DF1-2C7F-4108-B7DA-063E18CA8351}.Debug|Any CPU.ActiveCfg = Debug|Any CPU
		{DC545DF1-2C7F-4108-B7DA-063E18CA8351}.Debug|Any CPU.Build.0 = Debug|Any CPU
		{DC545DF1-2C7F-4108-B7DA-063E18CA8351}.Release|Any CPU.ActiveCfg = Release|Any CPU
		{DC545DF1-2C7F-4108-B7DA-063E18CA8351}.Release|Any CPU.Build.0 = Release|Any CPU
	EndGlobalSection
	GlobalSection(SolutionProperties) = preSolution
		HideSolutionNode = FALSE
	EndGlobalSection
	GlobalSection(ExtensibilityGlobals) = postSolution
		SolutionGuid = {03949983-EED1-4058-A196-DF2B106C8F26}
	EndGlobalSection
EndGlobal
